
Microsoft Visual Studio Solution File, Format Version 12.00
# Visual Studio 15
VisualStudioVersion = 15.0.27428.2015
MinimumVisualStudioVersion = 10.0.40219.1
Project("{FAE04EC0-301F-11D3-BF4B-00C04F79EFBC}") = "Sparse-SupermarketItemPurchaseData", "Sparse-SupermarketItemPurchaseData\Sparse-SupermarketItemPurchaseData.csproj", "{F54E63EB-46AA-47E2-9555-2802562B4F8B}"
EndProject
Global
	GlobalSection(SolutionConfigurationPlatforms) = preSolution
		Debug|Any CPU = Debug|Any CPU
		Release|Any CPU = Release|Any CPU
	EndGlobalSection
	GlobalSection(ProjectConfigurationPlatforms) = postSolution
		{F54E63EB-46AA-47E2-9555-2802562B4F8B}.Debug|Any CPU.ActiveCfg = Debug|Any CPU
		{F54E63EB-46AA-47E2-9555-2802562B4F8B}.Debug|Any CPU.Build.0 = Debug|Any CPU
		{F54E63EB-46AA-47E2-9555-2802562B4F8B}.Release|Any CPU.ActiveCfg = Release|Any CPU
		{F54E63EB-46AA-47E2-9555-2802562B4F8B}.Release|Any CPU.Build.0 = Release|Any CPU
	EndGlobalSection
	GlobalSection(SolutionProperties) = preSolution
		HideSolutionNode = FALSE
	EndGlobalSection
	GlobalSection(ExtensibilityGlobals) = postSolution
		SolutionGuid = {EFC608AD-E030-4E71-9BA0-2AE6C90FFFEC}
	EndGlobalSection
EndGlobal
