
Microsoft Visual Studio Solution File, Format Version 12.00
# Visual Studio 15
VisualStudioVersion = 15.0.27428.2015
MinimumVisualStudioVersion = 10.0.40219.1
Project("{FAE04EC0-301F-11D3-BF4B-00C04F79EFBC}") = "CsharpFunction", "CsharpFunction\CsharpFunction.csproj", "{5CCCBDD5-8319-4A9F-A838-50D9C0B887DE}"
EndProject
Global
	GlobalSection(SolutionConfigurationPlatforms) = preSolution
		Debug|Any CPU = Debug|Any CPU
		Release|Any CPU = Release|Any CPU
	EndGlobalSection
	GlobalSection(ProjectConfigurationPlatforms) = postSolution
		{5CCCBDD5-8319-4A9F-A838-50D9C0B887DE}.Debug|Any CPU.ActiveCfg = Debug|Any CPU
		{5CCCBDD5-8319-4A9F-A838-50D9C0B887DE}.Debug|Any CPU.Build.0 = Debug|Any CPU
		{5CCCBDD5-8319-4A9F-A838-50D9C0B887DE}.Release|Any CPU.ActiveCfg = Release|Any CPU
		{5CCCBDD5-8319-4A9F-A838-50D9C0B887DE}.Release|Any CPU.Build.0 = Release|Any CPU
	EndGlobalSection
	GlobalSection(SolutionProperties) = preSolution
		HideSolutionNode = FALSE
	EndGlobalSection
	GlobalSection(ExtensibilityGlobals) = postSolution
		SolutionGuid = {5255216A-EE8D-4DEE-BB7E-457FCA4D8115}
	EndGlobalSection
EndGlobal
