
Microsoft Visual Studio Solution File, Format Version 12.00
# Visual Studio 15
VisualStudioVersion = 15.0.27428.2015
MinimumVisualStudioVersion = 10.0.40219.1
Project("{FAE04EC0-301F-11D3-BF4B-00C04F79EFBC}") = "SequenceStack-RearrangementOfTrainCarriages", "SequenceStack-RearrangementOfTrainCarriages\SequenceStack-RearrangementOfTrainCarriages.csproj", "{1B02EFBE-D42F-4B43-8BC0-C57CA80BA90B}"
EndProject
Global
	GlobalSection(SolutionConfigurationPlatforms) = preSolution
		Debug|Any CPU = Debug|Any CPU
		Release|Any CPU = Release|Any CPU
	EndGlobalSection
	GlobalSection(ProjectConfigurationPlatforms) = postSolution
		{1B02EFBE-D42F-4B43-8BC0-C57CA80BA90B}.Debug|Any CPU.ActiveCfg = Debug|Any CPU
		{1B02EFBE-D42F-4B43-8BC0-C57CA80BA90B}.Debug|Any CPU.Build.0 = Debug|Any CPU
		{1B02EFBE-D42F-4B43-8BC0-C57CA80BA90B}.Release|Any CPU.ActiveCfg = Release|Any CPU
		{1B02EFBE-D42F-4B43-8BC0-C57CA80BA90B}.Release|Any CPU.Build.0 = Release|Any CPU
	EndGlobalSection
	GlobalSection(SolutionProperties) = preSolution
		HideSolutionNode = FALSE
	EndGlobalSection
	GlobalSection(ExtensibilityGlobals) = postSolution
		SolutionGuid = {B91D4ACD-703C-4BE7-8470-5DF1C5E78F94}
	EndGlobalSection
EndGlobal
